<Solution>
  <Project Path="Trabalho2/Trabalho2.csproj" />
  <Project Path="Trabalho3/Trabalho3.csproj" Id="c10026a4-ba9b-40aa-afe3-c809b4a82e19" />
  <Project Path="Trabalho4/Trabalho4.csproj" Id="e355c17c-9881-424b-aaf5-9e5b62bd02ad" />
  <Project Path="Trabalho5/Trabalho5.csproj" Id="6fc9a493-ca5c-4d46-b7d3-8a42ceb773ac" />
  <Project Path="Trabalho6/Trabalho6.csproj" Id="65bb6c4a-2121-4a94-b88e-451fef9cccd1" />
  <Project Path="VerificaCaractere/VerificaCaractere.csproj" />
</Solution>
